// !$*UTF8*$!
{
	archiveVersion = 1;
	classes = {
	};
	objectVersion = 56;
	objects = {

/* Begin PBXBuildFile section */
		CB9312B129C9F62500201F30 /* TabbarView.swift in Sources */ = {isa = PBXBuildFile; fileRef = CB9312B029C9F62500201F30 /* TabbarView.swift */; };
		CB9312B329C9F6F300201F30 /* HeaderView.swift in Sources */ = {isa = PBXBuildFile; fileRef = CB9312B229C9F6F300201F30 /* HeaderView.swift */; };
		CB9312B529C9F72000201F30 /* LabelView.swift in Sources */ = {isa = PBXBuildFile; fileRef = CB9312B429C9F72000201F30 /* LabelView.swift */; };
		CBFF9BC029C4389400D7F2E5 /* SwiftUIStacksApp.swift in Sources */ = {isa = PBXBuildFile; fileRef = CBFF9BBF29C4389400D7F2E5 /* SwiftUIStacksApp.swift */; };
		CBFF9BC229C4389400D7F2E5 /* ContentView.swift in Sources */ = {isa = PBXBuildFile; fileRef = CBFF9BC129C4389400D7F2E5 /* ContentView.swift */; };
		CBFF9BC429C4389600D7F2E5 /* Assets.xcassets in Resources */ = {isa = PBXBuildFile; fileRef = CBFF9BC329C4389500D7F2E5 /* Assets.xcassets */; };
		CBFF9BC729C4389600D7F2E5 /* Preview Assets.xcassets in Resources */ = {isa = PBXBuildFile; fileRef = CBFF9BC629C4389600D7F2E5 /* Preview Assets.xcassets */; };
		CBFF9BD029C56DE000D7F2E5 /* PriceCellView.swift in Sources */ = {isa = PBXBuildFile; fileRef = CBFF9BCF29C56DDF00D7F2E5 /* PriceCellView.swift */; };
		CBFF9BD229C5998A00D7F2E5 /* OverlayCardsView.swift in Sources */ = {isa = PBXBuildFile; fileRef = CBFF9BD129C5998900D7F2E5 /* OverlayCardsView.swift */; };
		CBFF9BD429C59A1000D7F2E5 /* PricingView.swift in Sources */ = {isa = PBXBuildFile; fileRef = CBFF9BD329C59A1000D7F2E5 /* PricingView.swift */; };
		CBFF9BDB29C8C53600D7F2E5 /* Subscription.swift in Sources */ = {isa = PBXBuildFile; fileRef = CBFF9BDA29C8C53600D7F2E5 /* Subscription.swift */; };
		CBFF9BDF29C8C60900D7F2E5 /* Сoloring.swift in Sources */ = {isa = PBXBuildFile; fileRef = CBFF9BDE29C8C60900D7F2E5 /* Сoloring.swift */; };
		CBFF9BE129C8C76000D7F2E5 /* Plan.swift in Sources */ = {isa = PBXBuildFile; fileRef = CBFF9BE029C8C76000D7F2E5 /* Plan.swift */; };
/* End PBXBuildFile section */

/* Begin PBXFileReference section */
		CB9312B029C9F62500201F30 /* TabbarView.swift */ = {isa = PBXFileReference; lastKnownFileType = sourcecode.swift; path = TabbarView.swift; sourceTree = "<group>"; };
		CB9312B229C9F6F300201F30 /* HeaderView.swift */ = {isa = PBXFileReference; lastKnownFileType = sourcecode.swift; path = HeaderView.swift; sourceTree = "<group>"; };
		CB9312B429C9F72000201F30 /* LabelView.swift */ = {isa = PBXFileReference; lastKnownFileType = sourcecode.swift; path = LabelView.swift; sourceTree = "<group>"; };
		CBFF9BBC29C4389400D7F2E5 /* SwiftUIStacks.app */ = {isa = PBXFileReference; explicitFileType = wrapper.application; includeInIndex = 0; path = SwiftUIStacks.app; sourceTree = BUILT_PRODUCTS_DIR; };
		CBFF9BBF29C4389400D7F2E5 /* SwiftUIStacksApp.swift */ = {isa = PBXFileReference; lastKnownFileType = sourcecode.swift; path = SwiftUIStacksApp.swift; sourceTree = "<group>"; };
		CBFF9BC129C4389400D7F2E5 /* ContentView.swift */ = {isa = PBXFileReference; lastKnownFileType = sourcecode.swift; path = ContentView.swift; sourceTree = "<group>"; };
		CBFF9BC329C4389500D7F2E5 /* Assets.xcassets */ = {isa = PBXFileReference; lastKnownFileType = folder.assetcatalog; path = Assets.xcassets; sourceTree = "<group>"; };
		CBFF9BC629C4389600D7F2E5 /* Preview Assets.xcassets */ = {isa = PBXFileReference; lastKnownFileType = folder.assetcatalog; path = "Preview Assets.xcassets"; sourceTree = "<group>"; };
		CBFF9BCF29C56DDF00D7F2E5 /* PriceCellView.swift */ = {isa = PBXFileReference; lastKnownFileType = sourcecode.swift; path = PriceCellView.swift; sourceTree = "<group>"; };
		CBFF9BD129C5998900D7F2E5 /* OverlayCardsView.swift */ = {isa = PBXFileReference; lastKnownFileType = sourcecode.swift; path = OverlayCardsView.swift; sourceTree = "<group>"; };
		CBFF9BD329C59A1000D7F2E5 /* PricingView.swift */ = {isa = PBXFileReference; lastKnownFileType = sourcecode.swift; path = PricingView.swift; sourceTree = "<group>"; };
		CBFF9BDA29C8C53600D7F2E5 /* Subscription.swift */ = {isa = PBXFileReference; lastKnownFileType = sourcecode.swift; path = Subscription.swift; sourceTree = "<group>"; };
		CBFF9BDE29C8C60900D7F2E5 /* Сoloring.swift */ = {isa = PBXFileReference; lastKnownFileType = sourcecode.swift; path = "Сoloring.swift"; sourceTree = "<group>"; };
		CBFF9BE029C8C76000D7F2E5 /* Plan.swift */ = {isa = PBXFileReference; lastKnownFileType = sourcecode.swift; path = Plan.swift; sourceTree = "<group>"; };
/* End PBXFileReference section */

/* Begin PBXFrameworksBuildPhase section */
		CBFF9BB929C4389400D7F2E5 /* Frameworks */ = {
			isa = PBXFrameworksBuildPhase;
			buildActionMask = 2147483647;
			files = (
			);
			runOnlyForDeploymentPostprocessing = 0;
		};
/* End PBXFrameworksBuildPhase section */

/* Begin PBXGroup section */
		CBFF9BB329C4389400D7F2E5 = {
			isa = PBXGroup;
			children = (
				CBFF9BBE29C4389400D7F2E5 /* SwiftUIStacks */,
				CBFF9BBD29C4389400D7F2E5 /* Products */,
			);
			sourceTree = "<group>";
		};
		CBFF9BBD29C4389400D7F2E5 /* Products */ = {
			isa = PBXGroup;
			children = (
				CBFF9BBC29C4389400D7F2E5 /* SwiftUIStacks.app */,
			);
			name = Products;
			sourceTree = "<group>";
		};
		CBFF9BBE29C4389400D7F2E5 /* SwiftUIStacks */ = {
			isa = PBXGroup;
			children = (
				CBFF9BD929C8C4D800D7F2E5 /* Model */,
				CBFF9BD829C8C44600D7F2E5 /* App */,
				CBFF9BD729C8C42700D7F2E5 /* Views */,
				CBFF9BC129C4389400D7F2E5 /* ContentView.swift */,
				CBFF9BD129C5998900D7F2E5 /* OverlayCardsView.swift */,
				CB9312B029C9F62500201F30 /* TabbarView.swift */,
				CBFF9BC329C4389500D7F2E5 /* Assets.xcassets */,
				CBFF9BC529C4389600D7F2E5 /* Preview Content */,
			);
			path = SwiftUIStacks;
			sourceTree = "<group>";
		};
		CBFF9BC529C4389600D7F2E5 /* Preview Content */ = {
			isa = PBXGroup;
			children = (
				CBFF9BC629C4389600D7F2E5 /* Preview Assets.xcassets */,
			);
			path = "Preview Content";
			sourceTree = "<group>";
		};
		CBFF9BD729C8C42700D7F2E5 /* Views */ = {
			isa = PBXGroup;
			children = (
				CBFF9BCF29C56DDF00D7F2E5 /* PriceCellView.swift */,
				CBFF9BD329C59A1000D7F2E5 /* PricingView.swift */,
				CB9312B229C9F6F300201F30 /* HeaderView.swift */,
				CB9312B429C9F72000201F30 /* LabelView.swift */,
			);
			path = Views;
			sourceTree = "<group>";
		};
		CBFF9BD829C8C44600D7F2E5 /* App */ = {
			isa = PBXGroup;
			children = (
				CBFF9BBF29C4389400D7F2E5 /* SwiftUIStacksApp.swift */,
			);
			path = App;
			sourceTree = "<group>";
		};
		CBFF9BD929C8C4D800D7F2E5 /* Model */ = {
			isa = PBXGroup;
			children = (
				CBFF9BE029C8C76000D7F2E5 /* Plan.swift */,
				CBFF9BDA29C8C53600D7F2E5 /* Subscription.swift */,
				CBFF9BDE29C8C60900D7F2E5 /* Сoloring.swift */,
			);
			path = Model;
			sourceTree = "<group>";
		};
/* End PBXGroup section */

/* Begin PBXNativeTarget section */
		CBFF9BBB29C4389400D7F2E5 /* SwiftUIStacks */ = {
			isa = PBXNativeTarget;
			buildConfigurationList = CBFF9BCA29C4389600D7F2E5 /* Build configuration list for PBXNativeTarget "SwiftUIStacks" */;
			buildPhases = (
				CBFF9BB829C4389400D7F2E5 /* Sources */,
				CBFF9BB929C4389400D7F2E5 /* Frameworks */,
				CBFF9BBA29C4389400D7F2E5 /* Resources */,
			);
			buildRules = (
			);
			dependencies = (
			);
			name = SwiftUIStacks;
			productName = SwiftUIStacks;
			productReference = CBFF9BBC29C4389400D7F2E5 /* SwiftUIStacks.app */;
			productType = "com.apple.product-type.application";
		};
/* End PBXNativeTarget section */

/* Begin PBXProject section */
		CBFF9BB429C4389400D7F2E5 /* Project object */ = {
			isa = PBXProject;
			attributes = {
				BuildIndependentTargetsInParallel = 1;
				LastSwiftUpdateCheck = 1420;
				LastUpgradeCheck = 1420;
				TargetAttributes = {
					CBFF9BBB29C4389400D7F2E5 = {
						CreatedOnToolsVersion = 14.2;
					};
				};
			};
			buildConfigurationList = CBFF9BB729C4389400D7F2E5 /* Build configuration list for PBXProject "SwiftUIStacks" */;
			compatibilityVersion = "Xcode 14.0";
			developmentRegion = en;
			hasScannedForEncodings = 0;
			knownRegions = (
				en,
				Base,
			);
			mainGroup = CBFF9BB329C4389400D7F2E5;
			productRefGroup = CBFF9BBD29C4389400D7F2E5 /* Products */;
			projectDirPath = "";
			projectRoot = "";
			targets = (
				CBFF9BBB29C4389400D7F2E5 /* SwiftUIStacks */,
			);
		};
/* End PBXProject section */

/* Begin PBXResourcesBuildPhase section */
		CBFF9BBA29C4389400D7F2E5 /* Resources */ = {
			isa = PBXResourcesBuildPhase;
			buildActionMask = 2147483647;
			files = (
				CBFF9BC729C4389600D7F2E5 /* Preview Assets.xcassets in Resources */,
				CBFF9BC429C4389600D7F2E5 /* Assets.xcassets in Resources */,
			);
			runOnlyForDeploymentPostprocessing = 0;
		};
/* End PBXResourcesBuildPhase section */

/* Begin PBXSourcesBuildPhase section */
		CBFF9BB829C4389400D7F2E5 /* Sources */ = {
			isa = PBXSourcesBuildPhase;
			buildActionMask = 2147483647;
			files = (
				CB9312B129C9F62500201F30 /* TabbarView.swift in Sources */,
				CBFF9BE129C8C76000D7F2E5 /* Plan.swift in Sources */,
				CBFF9BDB29C8C53600D7F2E5 /* Subscription.swift in Sources */,
				CBFF9BC229C4389400D7F2E5 /* ContentView.swift in Sources */,
				CBFF9BD029C56DE000D7F2E5 /* PriceCellView.swift in Sources */,
				CB9312B329C9F6F300201F30 /* HeaderView.swift in Sources */,
				CBFF9BC029C4389400D7F2E5 /* SwiftUIStacksApp.swift in Sources */,
				CB9312B529C9F72000201F30 /* LabelView.swift in Sources */,
				CBFF9BD229C5998A00D7F2E5 /* OverlayCardsView.swift in Sources */,
				CBFF9BD429C59A1000D7F2E5 /* PricingView.swift in Sources */,
				CBFF9BDF29C8C60900D7F2E5 /* Сoloring.swift in Sources */,
			);
			runOnlyForDeploymentPostprocessing = 0;
		};
/* End PBXSourcesBuildPhase section */

/* Begin XCBuildConfiguration section */
		CBFF9BC829C4389600D7F2E5 /* Debug */ = {
			isa = XCBuildConfiguration;
			buildSettings = {
				ALWAYS_SEARCH_USER_PATHS = NO;
				CLANG_ANALYZER_NONNULL = YES;
				CLANG_ANALYZER_NUMBER_OBJECT_CONVERSION = YES_AGGRESSIVE;
				CLANG_CXX_LANGUAGE_STANDARD = "gnu++20";
				CLANG_ENABLE_MODULES = YES;
				CLANG_ENABLE_OBJC_ARC = YES;
				CLANG_ENABLE_OBJC_WEAK = YES;
				CLANG_WARN_BLOCK_CAPTURE_AUTORELEASING = YES;
				CLANG_WARN_BOOL_CONVERSION = YES;
				CLANG_WARN_COMMA = YES;
				CLANG_WARN_CONSTANT_CONVERSION = YES;
				CLANG_WARN_DEPRECATED_OBJC_IMPLEMENTATIONS = YES;
				CLANG_WARN_DIRECT_OBJC_ISA_USAGE = YES_ERROR;
				CLANG_WARN_DOCUMENTATION_COMMENTS = YES;
				CLANG_WARN_EMPTY_BODY = YES;
				CLANG_WARN_ENUM_CONVERSION = YES;
				CLANG_WARN_INFINITE_RECURSION = YES;
				CLANG_WARN_INT_CONVERSION = YES;
				CLANG_WARN_NON_LITERAL_NULL_CONVERSION = YES;
				CLANG_WARN_OBJC_IMPLICIT_RETAIN_SELF = YES;
				CLANG_WARN_OBJC_LITERAL_CONVERSION = YES;
				CLANG_WARN_OBJC_ROOT_CLASS = YES_ERROR;
				CLANG_WARN_QUOTED_INCLUDE_IN_FRAMEWORK_HEADER = YES;
				CLANG_WARN_RANGE_LOOP_ANALYSIS = YES;
				CLANG_WARN_STRICT_PROTOTYPES = YES;
				CLANG_WARN_SUSPICIOUS_MOVE = YES;
				CLANG_WARN_UNGUARDED_AVAILABILITY = YES_AGGRESSIVE;
				CLANG_WARN_UNREACHABLE_CODE = YES;
				CLANG_WARN__DUPLICATE_METHOD_MATCH = YES;
				COPY_PHASE_STRIP = NO;
				DEBUG_INFORMATION_FORMAT = dwarf;
				ENABLE_STRICT_OBJC_MSGSEND = YES;
				ENABLE_TESTABILITY = YES;
				GCC_C_LANGUAGE_STANDARD = gnu11;
				GCC_DYNAMIC_NO_PIC = NO;
				GCC_NO_COMMON_BLOCKS = YES;
				GCC_OPTIMIZATION_LEVEL = 0;
				GCC_PREPROCESSOR_DEFINITIONS = (
					"DEBUG=1",
					"$(inherited)",
				);
				GCC_WARN_64_TO_32_BIT_CONVERSION = YES;
				GCC_WARN_ABOUT_RETURN_TYPE = YES_ERROR;
				GCC_WARN_UNDECLARED_SELECTOR = YES;
				GCC_WARN_UNINITIALIZED_AUTOS = YES_AGGRESSIVE;
				GCC_WARN_UNUSED_FUNCTION = YES;
				GCC_WARN_UNUSED_VARIABLE = YES;
				IPHONEOS_DEPLOYMENT_TARGET = 16.2;
				MTL_ENABLE_DEBUG_INFO = INCLUDE_SOURCE;
				MTL_FAST_MATH = YES;
				ONLY_ACTIVE_ARCH = YES;
				SDKROOT = iphoneos;
				SWIFT_ACTIVE_COMPILATION_CONDITIONS = DEBUG;
				SWIFT_OPTIMIZATION_LEVEL = "-Onone";
			};
			name = Debug;
		};
		CBFF9BC929C4389600D7F2E5 /* Release */ = {
			isa = XCBuildConfiguration;
			buildSettings = {
				ALWAYS_SEARCH_USER_PATHS = NO;
				CLANG_ANALYZER_NONNULL = YES;
				CLANG_ANALYZER_NUMBER_OBJECT_CONVERSION = YES_AGGRESSIVE;
				CLANG_CXX_LANGUAGE_STANDARD = "gnu++20";
				CLANG_ENABLE_MODULES = YES;
				CLANG_ENABLE_OBJC_ARC = YES;
				CLANG_ENABLE_OBJC_WEAK = YES;
				CLANG_WARN_BLOCK_CAPTURE_AUTORELEASING = YES;
				CLANG_WARN_BOOL_CONVERSION = YES;
				CLANG_WARN_COMMA = YES;
				CLANG_WARN_CONSTANT_CONVERSION = YES;
				CLANG_WARN_DEPRECATED_OBJC_IMPLEMENTATIONS = YES;
				CLANG_WARN_DIRECT_OBJC_ISA_USAGE = YES_ERROR;
				CLANG_WARN_DOCUMENTATION_COMMENTS = YES;
				CLANG_WARN_EMPTY_BODY = YES;
				CLANG_WARN_ENUM_CONVERSION = YES;
				CLANG_WARN_INFINITE_RECURSION = YES;
				CLANG_WARN_INT_CONVERSION = YES;
				CLANG_WARN_NON_LITERAL_NULL_CONVERSION = YES;
				CLANG_WARN_OBJC_IMPLICIT_RETAIN_SELF = YES;
				CLANG_WARN_OBJC_LITERAL_CONVERSION = YES;
				CLANG_WARN_OBJC_ROOT_CLASS = YES_ERROR;
				CLANG_WARN_QUOTED_INCLUDE_IN_FRAMEWORK_HEADER = YES;
				CLANG_WARN_RANGE_LOOP_ANALYSIS = YES;
				CLANG_WARN_STRICT_PROTOTYPES = YES;
				CLANG_WARN_SUSPICIOUS_MOVE = YES;
				CLANG_WARN_UNGUARDED_AVAILABILITY = YES_AGGRESSIVE;
				CLANG_WARN_UNREACHABLE_CODE = YES;
				CLANG_WARN__DUPLICATE_METHOD_MATCH = YES;
				COPY_PHASE_STRIP = NO;
				DEBUG_INFORMATION_FORMAT = "dwarf-with-dsym";
				ENABLE_NS_ASSERTIONS = NO;
				ENABLE_STRICT_OBJC_MSGSEND = YES;
				GCC_C_LANGUAGE_STANDARD = gnu11;
				GCC_NO_COMMON_BLOCKS = YES;
				GCC_WARN_64_TO_32_BIT_CONVERSION = YES;
				GCC_WARN_ABOUT_RETURN_TYPE = YES_ERROR;
				GCC_WARN_UNDECLARED_SELECTOR = YES;
				GCC_WARN_UNINITIALIZED_AUTOS = YES_AGGRESSIVE;
				GCC_WARN_UNUSED_FUNCTION = YES;
				GCC_WARN_UNUSED_VARIABLE = YES;
				IPHONEOS_DEPLOYMENT_TARGET = 16.2;
				MTL_ENABLE_DEBUG_INFO = NO;
				MTL_FAST_MATH = YES;
				SDKROOT = iphoneos;
				SWIFT_COMPILATION_MODE = wholemodule;
				SWIFT_OPTIMIZATION_LEVEL = "-O";
				VALIDATE_PRODUCT = YES;
			};
			name = Release;
		};
		CBFF9BCB29C4389600D7F2E5 /* Debug */ = {
			isa = XCBuildConfiguration;
			buildSettings = {
				ASSETCATALOG_COMPILER_APPICON_NAME = AppIcon;
				ASSETCATALOG_COMPILER_GLOBAL_ACCENT_COLOR_NAME = AccentColor;
				CODE_SIGN_STYLE = Automatic;
				CURRENT_PROJECT_VERSION = 1;
				DEVELOPMENT_ASSET_PATHS = "\"SwiftUIStacks/Preview Content\"";
				ENABLE_PREVIEWS = YES;
				GENERATE_INFOPLIST_FILE = YES;
				INFOPLIST_KEY_UIApplicationSceneManifest_Generation = YES;
				INFOPLIST_KEY_UIApplicationSupportsIndirectInputEvents = YES;
				INFOPLIST_KEY_UILaunchScreen_Generation = YES;
				INFOPLIST_KEY_UISupportedInterfaceOrientations_iPad = "UIInterfaceOrientationPortrait UIInterfaceOrientationPortraitUpsideDown UIInterfaceOrientationLandscapeLeft UIInterfaceOrientationLandscapeRight";
				INFOPLIST_KEY_UISupportedInterfaceOrientations_iPhone = "UIInterfaceOrientationPortrait UIInterfaceOrientationLandscapeLeft UIInterfaceOrientationLandscapeRight";
				LD_RUNPATH_SEARCH_PATHS = (
					"$(inherited)",
					"@executable_path/Frameworks",
				);
				MARKETING_VERSION = 1.0;
				PRODUCT_BUNDLE_IDENTIFIER = ru.ios.best.features.SwiftUIStacks;
				PRODUCT_NAME = "$(TARGET_NAME)";
				SWIFT_EMIT_LOC_STRINGS = YES;
				SWIFT_VERSION = 5.0;
				TARGETED_DEVICE_FAMILY = "1,2";
			};
			name = Debug;
		};
		CBFF9BCC29C4389600D7F2E5 /* Release */ = {
			isa = XCBuildConfiguration;
			buildSettings = {
				ASSETCATALOG_COMPILER_APPICON_NAME = AppIcon;
				ASSETCATALOG_COMPILER_GLOBAL_ACCENT_COLOR_NAME = AccentColor;
				CODE_SIGN_STYLE = Automatic;
				CURRENT_PROJECT_VERSION = 1;
				DEVELOPMENT_ASSET_PATHS = "\"SwiftUIStacks/Preview Content\"";
				ENABLE_PREVIEWS = YES;
				GENERATE_INFOPLIST_FILE = YES;
				INFOPLIST_KEY_UIApplicationSceneManifest_Generation = YES;
				INFOPLIST_KEY_UIApplicationSupportsIndirectInputEvents = YES;
				INFOPLIST_KEY_UILaunchScreen_Generation = YES;
				INFOPLIST_KEY_UISupportedInterfaceOrientations_iPad = "UIInterfaceOrientationPortrait UIInterfaceOrientationPortraitUpsideDown UIInterfaceOrientationLandscapeLeft UIInterfaceOrientationLandscapeRight";
				INFOPLIST_KEY_UISupportedInterfaceOrientations_iPhone = "UIInterfaceOrientationPortrait UIInterfaceOrientationLandscapeLeft UIInterfaceOrientationLandscapeRight";
				LD_RUNPATH_SEARCH_PATHS = (
					"$(inherited)",
					"@executable_path/Frameworks",
				);
				MARKETING_VERSION = 1.0;
				PRODUCT_BUNDLE_IDENTIFIER = ru.ios.best.features.SwiftUIStacks;
				PRODUCT_NAME = "$(TARGET_NAME)";
				SWIFT_EMIT_LOC_STRINGS = YES;
				SWIFT_VERSION = 5.0;
				TARGETED_DEVICE_FAMILY = "1,2";
			};
			name = Release;
		};
/* End XCBuildConfiguration section */

/* Begin XCConfigurationList section */
		CBFF9BB729C4389400D7F2E5 /* Build configuration list for PBXProject "SwiftUIStacks" */ = {
			isa = XCConfigurationList;
			buildConfigurations = (
				CBFF9BC829C4389600D7F2E5 /* Debug */,
				CBFF9BC929C4389600D7F2E5 /* Release */,
			);
			defaultConfigurationIsVisible = 0;
			defaultConfigurationName = Release;
		};
		CBFF9BCA29C4389600D7F2E5 /* Build configuration list for PBXNativeTarget "SwiftUIStacks" */ = {
			isa = XCConfigurationList;
			buildConfigurations = (
				CBFF9BCB29C4389600D7F2E5 /* Debug */,
				CBFF9BCC29C4389600D7F2E5 /* Release */,
			);
			defaultConfigurationIsVisible = 0;
			defaultConfigurationName = Release;
		};
/* End XCConfigurationList section */
	};
	rootObject = CBFF9BB429C4389400D7F2E5 /* Project object */;
}
